
Microsoft Visual Studio Solution File, Format Version 12.00
# Visual Studio Version 17
VisualStudioVersion = 17.5.33502.453
MinimumVisualStudioVersion = 10.0.40219.1
Project("{9A19103F-16F7-4668-BE54-9A1E7A4F7556}") = "CG-Fundamental_Theorem", "CG-Fundamental_Theorem.csproj", "{332EF1DB-B872-441E-9C97-CE87794A1B67}"
EndProject
Global
	GlobalSection(SolutionConfigurationPlatforms) = preSolution
		Debug|Any CPU = Debug|Any CPU
		Release|Any CPU = Release|Any CPU
	EndGlobalSection
	GlobalSection(ProjectConfigurationPlatforms) = postSolution
		{332EF1DB-B872-441E-9C97-CE87794A1B67}.Debug|Any CPU.ActiveCfg = Debug|Any CPU
		{332EF1DB-B872-441E-9C97-CE87794A1B67}.Debug|Any CPU.Build.0 = Debug|Any CPU
		{332EF1DB-B872-441E-9C97-CE87794A1B67}.Release|Any CPU.ActiveCfg = Release|Any CPU
		{332EF1DB-B872-441E-9C97-CE87794A1B67}.Release|Any CPU.Build.0 = Release|Any CPU
	EndGlobalSection
	GlobalSection(SolutionProperties) = preSolution
		HideSolutionNode = FALSE
	EndGlobalSection
	GlobalSection(ExtensibilityGlobals) = postSolution
		SolutionGuid = {468E2822-4640-46B8-AE49-98E5CAC535D7}
	EndGlobalSection
EndGlobal
